
Microsoft Visual Studio Solution File, Format Version 12.00
# Visual Studio 15
VisualStudioVersion = 15.0.28307.489
MinimumVisualStudioVersion = 10.0.40219.1
Project("{FAE04EC0-301F-11D3-BF4B-00C04F79EFBC}") = "Translate", "Translat\Translate.csproj", "{2585A061-1C26-483E-A1EB-5C80A441CAB5}"
EndProject
Project("{FAE04EC0-301F-11D3-BF4B-00C04F79EFBC}") = "Translation_API", "Translation_API\Translation_API.csproj", "{51F3047E-91A4-43CC-836F-6F3862AEED29}"
EndProject
Project("{FAE04EC0-301F-11D3-BF4B-00C04F79EFBC}") = "Naver_API_KEY", "Naver_API_KEY\Naver_API_KEY.csproj", "{B76F9634-84F3-44C0-BEEB-FB33B3CF0352}"
EndProject
Project("{FAE04EC0-301F-11D3-BF4B-00C04F79EFBC}") = "Test", "Test\Test.csproj", "{A1723058-4734-46F1-A683-D82BD2AB14EC}"
EndProject
Global
	GlobalSection(SolutionConfigurationPlatforms) = preSolution
		Debug|Any CPU = Debug|Any CPU
		Release|Any CPU = Release|Any CPU
	EndGlobalSection
	GlobalSection(ProjectConfigurationPlatforms) = postSolution
		{2585A061-1C26-483E-A1EB-5C80A441CAB5}.Debug|Any CPU.ActiveCfg = Debug|Any CPU
		{2585A061-1C26-483E-A1EB-5C80A441CAB5}.Debug|Any CPU.Build.0 = Debug|Any CPU
		{2585A061-1C26-483E-A1EB-5C80A441CAB5}.Release|Any CPU.ActiveCfg = Release|Any CPU
		{2585A061-1C26-483E-A1EB-5C80A441CAB5}.Release|Any CPU.Build.0 = Release|Any CPU
		{51F3047E-91A4-43CC-836F-6F3862AEED29}.Debug|Any CPU.ActiveCfg = Debug|Any CPU
		{51F3047E-91A4-43CC-836F-6F3862AEED29}.Debug|Any CPU.Build.0 = Debug|Any CPU
		{51F3047E-91A4-43CC-836F-6F3862AEED29}.Release|Any CPU.ActiveCfg = Release|Any CPU
		{51F3047E-91A4-43CC-836F-6F3862AEED29}.Release|Any CPU.Build.0 = Release|Any CPU
		{B76F9634-84F3-44C0-BEEB-FB33B3CF0352}.Debug|Any CPU.ActiveCfg = Debug|Any CPU
		{B76F9634-84F3-44C0-BEEB-FB33B3CF0352}.Debug|Any CPU.Build.0 = Debug|Any CPU
		{B76F9634-84F3-44C0-BEEB-FB33B3CF0352}.Release|Any CPU.ActiveCfg = Release|Any CPU
		{B76F9634-84F3-44C0-BEEB-FB33B3CF0352}.Release|Any CPU.Build.0 = Release|Any CPU
		{A1723058-4734-46F1-A683-D82BD2AB14EC}.Debug|Any CPU.ActiveCfg = Debug|Any CPU
		{A1723058-4734-46F1-A683-D82BD2AB14EC}.Debug|Any CPU.Build.0 = Debug|Any CPU
		{A1723058-4734-46F1-A683-D82BD2AB14EC}.Release|Any CPU.ActiveCfg = Release|Any CPU
		{A1723058-4734-46F1-A683-D82BD2AB14EC}.Release|Any CPU.Build.0 = Release|Any CPU
	EndGlobalSection
	GlobalSection(SolutionProperties) = preSolution
		HideSolutionNode = FALSE
	EndGlobalSection
	GlobalSection(ExtensibilityGlobals) = postSolution
		SolutionGuid = {E6BC0D94-3018-40BB-B5F9-2BBB805096E1}
	EndGlobalSection
EndGlobal
